// !$*UTF8*$!
{
	archiveVersion = 1;
	classes = {
	};
	objectVersion = 46;
	objects = {

/* Begin PBXBuildFile section */
		B24783BD1A79C3F300DC35F2 /* MarkKeyView.xib in Resources */ = {isa = PBXBuildFile; fileRef = B24783BC1A79C3F300DC35F2 /* MarkKeyView.xib */; };
		B24783ED1A7B490B00DC35F2 /* BaseViewController.swift in Sources */ = {isa = PBXBuildFile; fileRef = B24783EC1A7B490B00DC35F2 /* BaseViewController.swift */; };
		B2652D891A7DF89000773B0F /* MarkKeyViewController.swift in Sources */ = {isa = PBXBuildFile; fileRef = B2652D881A7DF89000773B0F /* MarkKeyViewController.swift */; };
		B2E92EE81A77455B008CA80E /* AppDelegate.swift in Sources */ = {isa = PBXBuildFile; fileRef = B2E92EE71A77455B008CA80E /* AppDelegate.swift */; };
		B2E92EEA1A77455B008CA80E /* ViewController.swift in Sources */ = {isa = PBXBuildFile; fileRef = B2E92EE91A77455B008CA80E /* ViewController.swift */; };
		B2E92EED1A77455B008CA80E /* Main.storyboard in Resources */ = {isa = PBXBuildFile; fileRef = B2E92EEB1A77455B008CA80E /* Main.storyboard */; };
		B2E92EEF1A77455C008CA80E /* Images.xcassets in Resources */ = {isa = PBXBuildFile; fileRef = B2E92EEE1A77455C008CA80E /* Images.xcassets */; };
		B2E92EF21A77455C008CA80E /* LaunchScreen.xib in Resources */ = {isa = PBXBuildFile; fileRef = B2E92EF01A77455C008CA80E /* LaunchScreen.xib */; };
		B2E92EFE1A77455C008CA80E /* CustomKeyboardTests.swift in Sources */ = {isa = PBXBuildFile; fileRef = B2E92EFD1A77455C008CA80E /* CustomKeyboardTests.swift */; };
		B2E92F101A7748D6008CA80E /* KeyboardViewController.swift in Sources */ = {isa = PBXBuildFile; fileRef = B2E92F0F1A7748D6008CA80E /* KeyboardViewController.swift */; };
		B2E92F131A7748D6008CA80E /* ArrowKeyboard.appex in Embed App Extensions */ = {isa = PBXBuildFile; fileRef = B2E92F0B1A7748D6008CA80E /* ArrowKeyboard.appex */; settings = {ATTRIBUTES = (RemoveHeadersOnCopy, ); }; };
		B2E92F191A7749C6008CA80E /* JPKeyView.xib in Resources */ = {isa = PBXBuildFile; fileRef = B2E92F181A7749C6008CA80E /* JPKeyView.xib */; };
		B2E92F1B1A7749D6008CA80E /* USKeyView.xib in Resources */ = {isa = PBXBuildFile; fileRef = B2E92F1A1A7749D6008CA80E /* USKeyView.xib */; };
		B2E92F211A7754E2008CA80E /* JPKeyViewController.swift in Sources */ = {isa = PBXBuildFile; fileRef = B2E92F201A7754E2008CA80E /* JPKeyViewController.swift */; };
		B2E92F231A7779F1008CA80E /* USKeyViewController.swift in Sources */ = {isa = PBXBuildFile; fileRef = B2E92F221A7779F1008CA80E /* USKeyViewController.swift */; };
/* End PBXBuildFile section */

/* Begin PBXContainerItemProxy section */
		B2E92EF81A77455C008CA80E /* PBXContainerItemProxy */ = {
			isa = PBXContainerItemProxy;
			containerPortal = B2E92EDA1A77455B008CA80E /* Project object */;
			proxyType = 1;
			remoteGlobalIDString = B2E92EE11A77455B008CA80E;
			remoteInfo = CustomKeyboard;
		};
		B2E92F111A7748D6008CA80E /* PBXContainerItemProxy */ = {
			isa = PBXContainerItemProxy;
			containerPortal = B2E92EDA1A77455B008CA80E /* Project object */;
			proxyType = 1;
			remoteGlobalIDString = B2E92F0A1A7748D6008CA80E;
			remoteInfo = ArrowKeyboard;
		};
/* End PBXContainerItemProxy section */

/* Begin PBXCopyFilesBuildPhase section */
		B2E92F171A7748D6008CA80E /* Embed App Extensions */ = {
			isa = PBXCopyFilesBuildPhase;
			buildActionMask = 2147483647;
			dstPath = "";
			dstSubfolderSpec = 13;
			files = (
				B2E92F131A7748D6008CA80E /* ArrowKeyboard.appex in Embed App Extensions */,
			);
			name = "Embed App Extensions";
			runOnlyForDeploymentPostprocessing = 0;
		};
/* End PBXCopyFilesBuildPhase section */

/* Begin PBXFileReference section */
		B24783BC1A79C3F300DC35F2 /* MarkKeyView.xib */ = {isa = PBXFileReference; fileEncoding = 4; lastKnownFileType = file.xib; path = MarkKeyView.xib; sourceTree = "<group>"; };
		B24783EC1A7B490B00DC35F2 /* BaseViewController.swift */ = {isa = PBXFileReference; fileEncoding = 4; lastKnownFileType = sourcecode.swift; path = BaseViewController.swift; sourceTree = "<group>"; };
		B2652D881A7DF89000773B0F /* MarkKeyViewController.swift */ = {isa = PBXFileReference; fileEncoding = 4; lastKnownFileType = sourcecode.swift; path = MarkKeyViewController.swift; sourceTree = "<group>"; };
		B2E92EE21A77455B008CA80E /* CustomKeyboard.app */ = {isa = PBXFileReference; explicitFileType = wrapper.application; includeInIndex = 0; path = CustomKeyboard.app; sourceTree = BUILT_PRODUCTS_DIR; };
		B2E92EE61A77455B008CA80E /* Info.plist */ = {isa = PBXFileReference; lastKnownFileType = text.plist.xml; path = Info.plist; sourceTree = "<group>"; };
		B2E92EE71A77455B008CA80E /* AppDelegate.swift */ = {isa = PBXFileReference; lastKnownFileType = sourcecode.swift; path = AppDelegate.swift; sourceTree = "<group>"; };
		B2E92EE91A77455B008CA80E /* ViewController.swift */ = {isa = PBXFileReference; lastKnownFileType = sourcecode.swift; path = ViewController.swift; sourceTree = "<group>"; };
		B2E92EEC1A77455B008CA80E /* Base */ = {isa = PBXFileReference; lastKnownFileType = file.storyboard; name = Base; path = Base.lproj/Main.storyboard; sourceTree = "<group>"; };
		B2E92EEE1A77455C008CA80E /* Images.xcassets */ = {isa = PBXFileReference; lastKnownFileType = folder.assetcatalog; path = Images.xcassets; sourceTree = "<group>"; };
		B2E92EF11A77455C008CA80E /* Base */ = {isa = PBXFileReference; lastKnownFileType = file.xib; name = Base; path = Base.lproj/LaunchScreen.xib; sourceTree = "<group>"; };
		B2E92EF71A77455C008CA80E /* CustomKeyboardTests.xctest */ = {isa = PBXFileReference; explicitFileType = wrapper.cfbundle; includeInIndex = 0; path = CustomKeyboardTests.xctest; sourceTree = BUILT_PRODUCTS_DIR; };
		B2E92EFC1A77455C008CA80E /* Info.plist */ = {isa = PBXFileReference; lastKnownFileType = text.plist.xml; path = Info.plist; sourceTree = "<group>"; };
		B2E92EFD1A77455C008CA80E /* CustomKeyboardTests.swift */ = {isa = PBXFileReference; lastKnownFileType = sourcecode.swift; path = CustomKeyboardTests.swift; sourceTree = "<group>"; };
		B2E92F0B1A7748D6008CA80E /* ArrowKeyboard.appex */ = {isa = PBXFileReference; explicitFileType = "wrapper.app-extension"; includeInIndex = 0; path = ArrowKeyboard.appex; sourceTree = BUILT_PRODUCTS_DIR; };
		B2E92F0E1A7748D6008CA80E /* Info.plist */ = {isa = PBXFileReference; lastKnownFileType = text.plist.xml; path = Info.plist; sourceTree = "<group>"; };
		B2E92F0F1A7748D6008CA80E /* KeyboardViewController.swift */ = {isa = PBXFileReference; lastKnownFileType = sourcecode.swift; path = KeyboardViewController.swift; sourceTree = "<group>"; };
		B2E92F181A7749C6008CA80E /* JPKeyView.xib */ = {isa = PBXFileReference; fileEncoding = 4; lastKnownFileType = file.xib; path = JPKeyView.xib; sourceTree = "<group>"; };
		B2E92F1A1A7749D6008CA80E /* USKeyView.xib */ = {isa = PBXFileReference; fileEncoding = 4; lastKnownFileType = file.xib; path = USKeyView.xib; sourceTree = "<group>"; };
		B2E92F201A7754E2008CA80E /* JPKeyViewController.swift */ = {isa = PBXFileReference; fileEncoding = 4; lastKnownFileType = sourcecode.swift; path = JPKeyViewController.swift; sourceTree = "<group>"; };
		B2E92F221A7779F1008CA80E /* USKeyViewController.swift */ = {isa = PBXFileReference; fileEncoding = 4; lastKnownFileType = sourcecode.swift; path = USKeyViewController.swift; sourceTree = "<group>"; };
/* End PBXFileReference section */

/* Begin PBXFrameworksBuildPhase section */
		B2E92EDF1A77455B008CA80E /* Frameworks */ = {
			isa = PBXFrameworksBuildPhase;
			buildActionMask = 2147483647;
			files = (
			);
			runOnlyForDeploymentPostprocessing = 0;
		};
		B2E92EF41A77455C008CA80E /* Frameworks */ = {
			isa = PBXFrameworksBuildPhase;
			buildActionMask = 2147483647;
			files = (
			);
			runOnlyForDeploymentPostprocessing = 0;
		};
		B2E92F081A7748D6008CA80E /* Frameworks */ = {
			isa = PBXFrameworksBuildPhase;
			buildActionMask = 2147483647;
			files = (
			);
			runOnlyForDeploymentPostprocessing = 0;
		};
/* End PBXFrameworksBuildPhase section */

/* Begin PBXGroup section */
		B2E92ED91A77455B008CA80E = {
			isa = PBXGroup;
			children = (
				B2E92EE41A77455B008CA80E /* CustomKeyboard */,
				B2E92EFA1A77455C008CA80E /* CustomKeyboardTests */,
				B2E92F0C1A7748D6008CA80E /* ArrowKeyboard */,
				B2E92EE31A77455B008CA80E /* Products */,
			);
			sourceTree = "<group>";
		};
		B2E92EE31A77455B008CA80E /* Products */ = {
			isa = PBXGroup;
			children = (
				B2E92EE21A77455B008CA80E /* CustomKeyboard.app */,
				B2E92EF71A77455C008CA80E /* CustomKeyboardTests.xctest */,
				B2E92F0B1A7748D6008CA80E /* ArrowKeyboard.appex */,
			);
			name = Products;
			sourceTree = "<group>";
		};
		B2E92EE41A77455B008CA80E /* CustomKeyboard */ = {
			isa = PBXGroup;
			children = (
				B2E92EE71A77455B008CA80E /* AppDelegate.swift */,
				B2E92EE91A77455B008CA80E /* ViewController.swift */,
				B2E92EEB1A77455B008CA80E /* Main.storyboard */,
				B2E92EEE1A77455C008CA80E /* Images.xcassets */,
				B2E92EF01A77455C008CA80E /* LaunchScreen.xib */,
				B2E92EE51A77455B008CA80E /* Supporting Files */,
			);
			path = CustomKeyboard;
			sourceTree = "<group>";
		};
		B2E92EE51A77455B008CA80E /* Supporting Files */ = {
			isa = PBXGroup;
			children = (
				B2E92EE61A77455B008CA80E /* Info.plist */,
			);
			name = "Supporting Files";
			sourceTree = "<group>";
		};
		B2E92EFA1A77455C008CA80E /* CustomKeyboardTests */ = {
			isa = PBXGroup;
			children = (
				B2E92EFD1A77455C008CA80E /* CustomKeyboardTests.swift */,
				B2E92EFB1A77455C008CA80E /* Supporting Files */,
			);
			path = CustomKeyboardTests;
			sourceTree = "<group>";
		};
		B2E92EFB1A77455C008CA80E /* Supporting Files */ = {
			isa = PBXGroup;
			children = (
				B2E92EFC1A77455C008CA80E /* Info.plist */,
			);
			name = "Supporting Files";
			sourceTree = "<group>";
		};
		B2E92F0C1A7748D6008CA80E /* ArrowKeyboard */ = {
			isa = PBXGroup;
			children = (
				B2E92F0F1A7748D6008CA80E /* KeyboardViewController.swift */,
				B24783EC1A7B490B00DC35F2 /* BaseViewController.swift */,
				B2E92F201A7754E2008CA80E /* JPKeyViewController.swift */,
				B2E92F221A7779F1008CA80E /* USKeyViewController.swift */,
				B2652D881A7DF89000773B0F /* MarkKeyViewController.swift */,
				B2E92F181A7749C6008CA80E /* JPKeyView.xib */,
				B2E92F1A1A7749D6008CA80E /* USKeyView.xib */,
				B24783BC1A79C3F300DC35F2 /* MarkKeyView.xib */,
				B2E92F0D1A7748D6008CA80E /* Supporting Files */,
			);
			path = ArrowKeyboard;
			sourceTree = "<group>";
		};
		B2E92F0D1A7748D6008CA80E /* Supporting Files */ = {
			isa = PBXGroup;
			children = (
				B2E92F0E1A7748D6008CA80E /* Info.plist */,
			);
			name = "Supporting Files";
			sourceTree = "<group>";
		};
/* End PBXGroup section */

/* Begin PBXNativeTarget section */
		B2E92EE11A77455B008CA80E /* CustomKeyboard */ = {
			isa = PBXNativeTarget;
			buildConfigurationList = B2E92F011A77455C008CA80E /* Build configuration list for PBXNativeTarget "CustomKeyboard" */;
			buildPhases = (
				B2E92EDE1A77455B008CA80E /* Sources */,
				B2E92EDF1A77455B008CA80E /* Frameworks */,
				B2E92EE01A77455B008CA80E /* Resources */,
				B2E92F171A7748D6008CA80E /* Embed App Extensions */,
			);
			buildRules = (
			);
			dependencies = (
				B2E92F121A7748D6008CA80E /* PBXTargetDependency */,
			);
			name = CustomKeyboard;
			productName = CustomKeyboard;
			productReference = B2E92EE21A77455B008CA80E /* CustomKeyboard.app */;
			productType = "com.apple.product-type.application";
		};
		B2E92EF61A77455C008CA80E /* CustomKeyboardTests */ = {
			isa = PBXNativeTarget;
			buildConfigurationList = B2E92F041A77455C008CA80E /* Build configuration list for PBXNativeTarget "CustomKeyboardTests" */;
			buildPhases = (
				B2E92EF31A77455C008CA80E /* Sources */,
				B2E92EF41A77455C008CA80E /* Frameworks */,
				B2E92EF51A77455C008CA80E /* Resources */,
			);
			buildRules = (
			);
			dependencies = (
				B2E92EF91A77455C008CA80E /* PBXTargetDependency */,
			);
			name = CustomKeyboardTests;
			productName = CustomKeyboardTests;
			productReference = B2E92EF71A77455C008CA80E /* CustomKeyboardTests.xctest */;
			productType = "com.apple.product-type.bundle.unit-test";
		};
		B2E92F0A1A7748D6008CA80E /* ArrowKeyboard */ = {
			isa = PBXNativeTarget;
			buildConfigurationList = B2E92F141A7748D6008CA80E /* Build configuration list for PBXNativeTarget "ArrowKeyboard" */;
			buildPhases = (
				B2E92F071A7748D6008CA80E /* Sources */,
				B2E92F081A7748D6008CA80E /* Frameworks */,
				B2E92F091A7748D6008CA80E /* Resources */,
			);
			buildRules = (
			);
			dependencies = (
			);
			name = ArrowKeyboard;
			productName = ArrowKeyboard;
			productReference = B2E92F0B1A7748D6008CA80E /* ArrowKeyboard.appex */;
			productType = "com.apple.product-type.app-extension";
		};
/* End PBXNativeTarget section */

/* Begin PBXProject section */
		B2E92EDA1A77455B008CA80E /* Project object */ = {
			isa = PBXProject;
			attributes = {
				LastUpgradeCheck = 0610;
				ORGANIZATIONNAME = "KYOHEI KATO";
				TargetAttributes = {
					B2E92EE11A77455B008CA80E = {
						CreatedOnToolsVersion = 6.1.1;
					};
					B2E92EF61A77455C008CA80E = {
						CreatedOnToolsVersion = 6.1.1;
						TestTargetID = B2E92EE11A77455B008CA80E;
					};
					B2E92F0A1A7748D6008CA80E = {
						CreatedOnToolsVersion = 6.1.1;
					};
				};
			};
			buildConfigurationList = B2E92EDD1A77455B008CA80E /* Build configuration list for PBXProject "CustomKeyboard" */;
			compatibilityVersion = "Xcode 3.2";
			developmentRegion = English;
			hasScannedForEncodings = 0;
			knownRegions = (
				en,
				Base,
			);
			mainGroup = B2E92ED91A77455B008CA80E;
			productRefGroup = B2E92EE31A77455B008CA80E /* Products */;
			projectDirPath = "";
			projectRoot = "";
			targets = (
				B2E92EE11A77455B008CA80E /* CustomKeyboard */,
				B2E92EF61A77455C008CA80E /* CustomKeyboardTests */,
				B2E92F0A1A7748D6008CA80E /* ArrowKeyboard */,
			);
		};
/* End PBXProject section */

/* Begin PBXResourcesBuildPhase section */
		B2E92EE01A77455B008CA80E /* Resources */ = {
			isa = PBXResourcesBuildPhase;
			buildActionMask = 2147483647;
			files = (
				B2E92EED1A77455B008CA80E /* Main.storyboard in Resources */,
				B2E92EF21A77455C008CA80E /* LaunchScreen.xib in Resources */,
				B2E92EEF1A77455C008CA80E /* Images.xcassets in Resources */,
			);
			runOnlyForDeploymentPostprocessing = 0;
		};
		B2E92EF51A77455C008CA80E /* Resources */ = {
			isa = PBXResourcesBuildPhase;
			buildActionMask = 2147483647;
			files = (
			);
			runOnlyForDeploymentPostprocessing = 0;
		};
		B2E92F091A7748D6008CA80E /* Resources */ = {
			isa = PBXResourcesBuildPhase;
			buildActionMask = 2147483647;
			files = (
				B2E92F1B1A7749D6008CA80E /* USKeyView.xib in Resources */,
				B2E92F191A7749C6008CA80E /* JPKeyView.xib in Resources */,
				B24783BD1A79C3F300DC35F2 /* MarkKeyView.xib in Resources */,
			);
			runOnlyForDeploymentPostprocessing = 0;
		};
/* End PBXResourcesBuildPhase section */

/* Begin PBXSourcesBuildPhase section */
		B2E92EDE1A77455B008CA80E /* Sources */ = {
			isa = PBXSourcesBuildPhase;
			buildActionMask = 2147483647;
			files = (
				B2E92EEA1A77455B008CA80E /* ViewController.swift in Sources */,
				B2E92EE81A77455B008CA80E /* AppDelegate.swift in Sources */,
			);
			runOnlyForDeploymentPostprocessing = 0;
		};
		B2E92EF31A77455C008CA80E /* Sources */ = {
			isa = PBXSourcesBuildPhase;
			buildActionMask = 2147483647;
			files = (
				B2E92EFE1A77455C008CA80E /* CustomKeyboardTests.swift in Sources */,
			);
			runOnlyForDeploymentPostprocessing = 0;
		};
		B2E92F071A7748D6008CA80E /* Sources */ = {
			isa = PBXSourcesBuildPhase;
			buildActionMask = 2147483647;
			files = (
				B2E92F231A7779F1008CA80E /* USKeyViewController.swift in Sources */,
				B2652D891A7DF89000773B0F /* MarkKeyViewController.swift in Sources */,
				B2E92F211A7754E2008CA80E /* JPKeyViewController.swift in Sources */,
				B2E92F101A7748D6008CA80E /* KeyboardViewController.swift in Sources */,
				B24783ED1A7B490B00DC35F2 /* BaseViewController.swift in Sources */,
			);
			runOnlyForDeploymentPostprocessing = 0;
		};
/* End PBXSourcesBuildPhase section */

/* Begin PBXTargetDependency section */
		B2E92EF91A77455C008CA80E /* PBXTargetDependency */ = {
			isa = PBXTargetDependency;
			target = B2E92EE11A77455B008CA80E /* CustomKeyboard */;
			targetProxy = B2E92EF81A77455C008CA80E /* PBXContainerItemProxy */;
		};
		B2E92F121A7748D6008CA80E /* PBXTargetDependency */ = {
			isa = PBXTargetDependency;
			target = B2E92F0A1A7748D6008CA80E /* ArrowKeyboard */;
			targetProxy = B2E92F111A7748D6008CA80E /* PBXContainerItemProxy */;
		};
/* End PBXTargetDependency section */

/* Begin PBXVariantGroup section */
		B2E92EEB1A77455B008CA80E /* Main.storyboard */ = {
			isa = PBXVariantGroup;
			children = (
				B2E92EEC1A77455B008CA80E /* Base */,
			);
			name = Main.storyboard;
			sourceTree = "<group>";
		};
		B2E92EF01A77455C008CA80E /* LaunchScreen.xib */ = {
			isa = PBXVariantGroup;
			children = (
				B2E92EF11A77455C008CA80E /* Base */,
			);
			name = LaunchScreen.xib;
			sourceTree = "<group>";
		};
/* End PBXVariantGroup section */

/* Begin XCBuildConfiguration section */
		B2E92EFF1A77455C008CA80E /* Debug */ = {
			isa = XCBuildConfiguration;
			buildSettings = {
				ALWAYS_SEARCH_USER_PATHS = NO;
				CLANG_CXX_LANGUAGE_STANDARD = "gnu++0x";
				CLANG_CXX_LIBRARY = "libc++";
				CLANG_ENABLE_MODULES = YES;
				CLANG_ENABLE_OBJC_ARC = YES;
				CLANG_WARN_BOOL_CONVERSION = YES;
				CLANG_WARN_CONSTANT_CONVERSION = YES;
				CLANG_WARN_DIRECT_OBJC_ISA_USAGE = YES_ERROR;
				CLANG_WARN_EMPTY_BODY = YES;
				CLANG_WARN_ENUM_CONVERSION = YES;
				CLANG_WARN_INT_CONVERSION = YES;
				CLANG_WARN_OBJC_ROOT_CLASS = YES_ERROR;
				CLANG_WARN_UNREACHABLE_CODE = YES;
				CLANG_WARN__DUPLICATE_METHOD_MATCH = YES;
				"CODE_SIGN_IDENTITY[sdk=iphoneos*]" = "iPhone Developer";
				COPY_PHASE_STRIP = NO;
				ENABLE_STRICT_OBJC_MSGSEND = YES;
				GCC_C_LANGUAGE_STANDARD = gnu99;
				GCC_DYNAMIC_NO_PIC = NO;
				GCC_OPTIMIZATION_LEVEL = 0;
				GCC_PREPROCESSOR_DEFINITIONS = (
					"DEBUG=1",
					"$(inherited)",
				);
				GCC_SYMBOLS_PRIVATE_EXTERN = NO;
				GCC_WARN_64_TO_32_BIT_CONVERSION = YES;
				GCC_WARN_ABOUT_RETURN_TYPE = YES_ERROR;
				GCC_WARN_UNDECLARED_SELECTOR = YES;
				GCC_WARN_UNINITIALIZED_AUTOS = YES_AGGRESSIVE;
				GCC_WARN_UNUSED_FUNCTION = YES;
				GCC_WARN_UNUSED_VARIABLE = YES;
				IPHONEOS_DEPLOYMENT_TARGET = 8.1;
				MTL_ENABLE_DEBUG_INFO = YES;
				ONLY_ACTIVE_ARCH = YES;
				SDKROOT = iphoneos;
				SWIFT_OPTIMIZATION_LEVEL = "-Onone";
				TARGETED_DEVICE_FAMILY = 2;
			};
			name = Debug;
		};
		B2E92F001A77455C008CA80E /* Release */ = {
			isa = XCBuildConfiguration;
			buildSettings = {
				ALWAYS_SEARCH_USER_PATHS = NO;
				CLANG_CXX_LANGUAGE_STANDARD = "gnu++0x";
				CLANG_CXX_LIBRARY = "libc++";
				CLANG_ENABLE_MODULES = YES;
				CLANG_ENABLE_OBJC_ARC = YES;
				CLANG_WARN_BOOL_CONVERSION = YES;
				CLANG_WARN_CONSTANT_CONVERSION = YES;
				CLANG_WARN_DIRECT_OBJC_ISA_USAGE = YES_ERROR;
				CLANG_WARN_EMPTY_BODY = YES;
				CLANG_WARN_ENUM_CONVERSION = YES;
				CLANG_WARN_INT_CONVERSION = YES;
				CLANG_WARN_OBJC_ROOT_CLASS = YES_ERROR;
				CLANG_WARN_UNREACHABLE_CODE = YES;
				CLANG_WARN__DUPLICATE_METHOD_MATCH = YES;
				"CODE_SIGN_IDENTITY[sdk=iphoneos*]" = "iPhone Developer";
				COPY_PHASE_STRIP = YES;
				ENABLE_NS_ASSERTIONS = NO;
				ENABLE_STRICT_OBJC_MSGSEND = YES;
				GCC_C_LANGUAGE_STANDARD = gnu99;
				GCC_WARN_64_TO_32_BIT_CONVERSION = YES;
				GCC_WARN_ABOUT_RETURN_TYPE = YES_ERROR;
				GCC_WARN_UNDECLARED_SELECTOR = YES;
				GCC_WARN_UNINITIALIZED_AUTOS = YES_AGGRESSIVE;
				GCC_WARN_UNUSED_FUNCTION = YES;
				GCC_WARN_UNUSED_VARIABLE = YES;
				IPHONEOS_DEPLOYMENT_TARGET = 8.1;
				MTL_ENABLE_DEBUG_INFO = NO;
				SDKROOT = iphoneos;
				TARGETED_DEVICE_FAMILY = 2;
				VALIDATE_PRODUCT = YES;
			};
			name = Release;
		};
		B2E92F021A77455C008CA80E /* Debug */ = {
			isa = XCBuildConfiguration;
			buildSettings = {
				ASSETCATALOG_COMPILER_APPICON_NAME = AppIcon;
				EMBEDDED_CONTENT_CONTAINS_SWIFT = YES;
				INFOPLIST_FILE = CustomKeyboard/Info.plist;
				LD_RUNPATH_SEARCH_PATHS = "$(inherited) @executable_path/Frameworks";
				PRODUCT_NAME = "$(TARGET_NAME)";
			};
			name = Debug;
		};
		B2E92F031A77455C008CA80E /* Release */ = {
			isa = XCBuildConfiguration;
			buildSettings = {
				ASSETCATALOG_COMPILER_APPICON_NAME = AppIcon;
				EMBEDDED_CONTENT_CONTAINS_SWIFT = YES;
				INFOPLIST_FILE = CustomKeyboard/Info.plist;
				LD_RUNPATH_SEARCH_PATHS = "$(inherited) @executable_path/Frameworks";
				PRODUCT_NAME = "$(TARGET_NAME)";
			};
			name = Release;
		};
		B2E92F051A77455C008CA80E /* Debug */ = {
			isa = XCBuildConfiguration;
			buildSettings = {
				BUNDLE_LOADER = "$(TEST_HOST)";
				FRAMEWORK_SEARCH_PATHS = (
					"$(SDKROOT)/Developer/Library/Frameworks",
					"$(inherited)",
				);
				GCC_PREPROCESSOR_DEFINITIONS = (
					"DEBUG=1",
					"$(inherited)",
				);
				INFOPLIST_FILE = CustomKeyboardTests/Info.plist;
				LD_RUNPATH_SEARCH_PATHS = "$(inherited) @executable_path/Frameworks @loader_path/Frameworks";
				PRODUCT_NAME = "$(TARGET_NAME)";
				TEST_HOST = "$(BUILT_PRODUCTS_DIR)/CustomKeyboard.app/CustomKeyboard";
			};
			name = Debug;
		};
		B2E92F061A77455C008CA80E /* Release */ = {
			isa = XCBuildConfiguration;
			buildSettings = {
				BUNDLE_LOADER = "$(TEST_HOST)";
				FRAMEWORK_SEARCH_PATHS = (
					"$(SDKROOT)/Developer/Library/Frameworks",
					"$(inherited)",
				);
				INFOPLIST_FILE = CustomKeyboardTests/Info.plist;
				LD_RUNPATH_SEARCH_PATHS = "$(inherited) @executable_path/Frameworks @loader_path/Frameworks";
				PRODUCT_NAME = "$(TARGET_NAME)";
				TEST_HOST = "$(BUILT_PRODUCTS_DIR)/CustomKeyboard.app/CustomKeyboard";
			};
			name = Release;
		};
		B2E92F151A7748D6008CA80E /* Debug */ = {
			isa = XCBuildConfiguration;
			buildSettings = {
				GCC_PREPROCESSOR_DEFINITIONS = (
					"DEBUG=1",
					"$(inherited)",
				);
				INFOPLIST_FILE = ArrowKeyboard/Info.plist;
				IPHONEOS_DEPLOYMENT_TARGET = 8.0;
				LD_RUNPATH_SEARCH_PATHS = "$(inherited) @executable_path/Frameworks @executable_path/../../Frameworks";
				PRODUCT_NAME = "$(TARGET_NAME)";
				SKIP_INSTALL = YES;
			};
			name = Debug;
		};
		B2E92F161A7748D6008CA80E /* Release */ = {
			isa = XCBuildConfiguration;
			buildSettings = {
				INFOPLIST_FILE = ArrowKeyboard/Info.plist;
				IPHONEOS_DEPLOYMENT_TARGET = 8.0;
				LD_RUNPATH_SEARCH_PATHS = "$(inherited) @executable_path/Frameworks @executable_path/../../Frameworks";
				PRODUCT_NAME = "$(TARGET_NAME)";
				SKIP_INSTALL = YES;
			};
			name = Release;
		};
/* End XCBuildConfiguration section */

/* Begin XCConfigurationList section */
		B2E92EDD1A77455B008CA80E /* Build configuration list for PBXProject "CustomKeyboard" */ = {
			isa = XCConfigurationList;
			buildConfigurations = (
				B2E92EFF1A77455C008CA80E /* Debug */,
				B2E92F001A77455C008CA80E /* Release */,
			);
			defaultConfigurationIsVisible = 0;
			defaultConfigurationName = Release;
		};
		B2E92F011A77455C008CA80E /* Build configuration list for PBXNativeTarget "CustomKeyboard" */ = {
			isa = XCConfigurationList;
			buildConfigurations = (
				B2E92F021A77455C008CA80E /* Debug */,
				B2E92F031A77455C008CA80E /* Release */,
			);
			defaultConfigurationIsVisible = 0;
			defaultConfigurationName = Release;
		};
		B2E92F041A77455C008CA80E /* Build configuration list for PBXNativeTarget "CustomKeyboardTests" */ = {
			isa = XCConfigurationList;
			buildConfigurations = (
				B2E92F051A77455C008CA80E /* Debug */,
				B2E92F061A77455C008CA80E /* Release */,
			);
			defaultConfigurationIsVisible = 0;
			defaultConfigurationName = Release;
		};
		B2E92F141A7748D6008CA80E /* Build configuration list for PBXNativeTarget "ArrowKeyboard" */ = {
			isa = XCConfigurationList;
			buildConfigurations = (
				B2E92F151A7748D6008CA80E /* Debug */,
				B2E92F161A7748D6008CA80E /* Release */,
			);
			defaultConfigurationIsVisible = 0;
			defaultConfigurationName = Release;
		};
/* End XCConfigurationList section */
	};
	rootObject = B2E92EDA1A77455B008CA80E /* Project object */;
}
